Microsoft Visual Studio Solution File, Format Version 12.00
# Visual Studio Version 17
VisualStudioVersion = 17.0.31903.59
MinimumVisualStudioVersion = 10.0.40219.1
Project("{FAE04EC0-301F-11D3-BF4B-00C04F79EFBC}") = "GameEngine.Core", "GameEngine.Core\GameEngine.Core.csproj", "{1A2B3C4D-5E6F-7G8H-9I0J-KLMNOPQRSTUV}"
EndProject
Project("{FAE04EC0-301F-11D3-BF4B-00C04F79EFBC}") = "GameEngine.Editor", "GameEngine.Editor\GameEngine.Editor.csproj", "{2B3C4D5E-6F7G-8H9I-0J1K-LMNOPQRSTUVW}"
EndProject
Project("{FAE04EC0-301F-11D3-BF4B-00C04F79EFBC}") = "GameEngine.ProjectManager", "GameEngine.ProjectManager\GameEngine.ProjectManager.csproj", "{3C4D5E6F-7G8H-9I0J-1K2L-MNOPQRSTUVWX}"
EndProject
Global
    GlobalSection(SolutionConfigurationPlatforms) = preSolution
        Debug|Any CPU = Debug|Any CPU
        Release|Any CPU = Release|Any CPU
    EndGlobalSection
    GlobalSection(ProjectConfigurationPlatforms) = postSolution
        {1A2B3C4D-5E6F-7G8H-9I0J-KLMNOPQRSTUV}.Debug|Any CPU.ActiveCfg = Debug|Any CPU
        {1A2B3C4D-5E6F-7G8H-9I0J-KLMNOPQRSTUV}.Debug|Any CPU.Build.0 = Debug|Any CPU
        {1A2B3C4D-5E6F-7G8H-9I0J-KLMNOPQRSTUV}.Release|Any CPU.ActiveCfg = Release|Any CPU
        {1A2B3C4D-5E6F-7G8H-9I0J-KLMNOPQRSTUV}.Release|Any CPU.Build.0 = Release|Any CPU
        {2B3C4D5E-6F7G-8H9I-0J1K-LMNOPQRSTUVW}.Debug|Any CPU.ActiveCfg = Debug|Any CPU
        {2B3C4D5E-6F7G-8H9I-0J1K-LMNOPQRSTUVW}.Debug|Any CPU.Build.0 = Debug|Any CPU
        {2B3C4D5E-6F7G-8H9I-0J1K-LMNOPQRSTUVW}.Release|Any CPU.ActiveCfg = Release|Any CPU
        {2B3C4D5E-6F7G-8H9I-0J1K-LMNOPQRSTUVW}.Release|Any CPU.Build.0 = Release|Any CPU
        {3C4D5E6F-7G8H-9I0J-1K2L-MNOPQRSTUVWX}.Debug|Any CPU.ActiveCfg = Debug|Any CPU
        {3C4D5E6F-7G8H-9I0J-1K2L-MNOPQRSTUVWX}.Debug|Any CPU.Build.0 = Debug|Any CPU
        {3C4D5E6F-7G8H-9I0J-1K2L-MNOPQRSTUVWX}.Release|Any CPU.ActiveCfg = Release|Any CPU
        {3C4D5E6F-7G8H-9I0J-1K2L-MNOPQRSTUVWX}.Release|Any CPU.Build.0 = Release|Any CPU
    EndGlobalSection
EndGlobal 